github.com/BurntSushi/toml v1.4.0 h1:kuoIxZQy2WRRk1pttg9asf+WVv6tWQuBNVmK8+nqPr0=
github.com/BurntSushi/toml v1.4.0/go.mod h1:ukJfTF/6rtPPRCnwkur4qwRxa8vTRFBF0uk2lLoLwho=
github.com/fred1268/go-clap v1.2.1 h1:wi8Tokb2zmOEuwwTTfKX5Sj1h6ZpT2BxRtx1/ZJsol4=
github.com/fred1268/go-clap v1.2.1/go.mod h1:A5/yYBapOy6UyujlbxL7p/bX9J7bzyoMRzQKFwveXF0=
github.com/pelletier/go-toml v1.9.5 h1:4yBQzkHv+7BHq2PQUZF3Mx0IYxG7LsP222s7Agd3ve8=
github.com/pelletier/go-toml v1.9.5/go.mod h1:u1nR/EPcESfeI/szUZKdtJ0xRNbUoANCkoOuaOx1Y+c=
